
Microsoft Visual Studio Solution File, Format Version 12.00
# Visual Studio Version 17
VisualStudioVersion = 17.5.33516.290
MinimumVisualStudioVersion = 10.0.40219.1
Project("{9A19103F-16F7-4668-BE54-9A1E7A4F7556}") = "ToDoListApp", "ToDoListApp\ToDoListApp.csproj", "{A216223C-8002-4E4C-A2FE-F2C916241D50}"
EndProject
Project("{FAE04EC0-301F-11D3-BF4B-00C04F79EFBC}") = "ToDoListUI", "..\..\source\repos\ToDoList\ToDoListUI\ToDoListUI.csproj", "{5F8DF421-4E8C-4631-A7DD-0ED7B6D44F26}"
EndProject
Global
	GlobalSection(SolutionConfigurationPlatforms) = preSolution
		Debug|Any CPU = Debug|Any CPU
		Release|Any CPU = Release|Any CPU
	EndGlobalSection
	GlobalSection(ProjectConfigurationPlatforms) = postSolution
		{A216223C-8002-4E4C-A2FE-F2C916241D50}.Debug|Any CPU.ActiveCfg = Debug|Any CPU
		{A216223C-8002-4E4C-A2FE-F2C916241D50}.Debug|Any CPU.Build.0 = Debug|Any CPU
		{A216223C-8002-4E4C-A2FE-F2C916241D50}.Release|Any CPU.ActiveCfg = Release|Any CPU
		{A216223C-8002-4E4C-A2FE-F2C916241D50}.Release|Any CPU.Build.0 = Release|Any CPU
		{5F8DF421-4E8C-4631-A7DD-0ED7B6D44F26}.Debug|Any CPU.ActiveCfg = Debug|Any CPU
		{5F8DF421-4E8C-4631-A7DD-0ED7B6D44F26}.Debug|Any CPU.Build.0 = Debug|Any CPU
		{5F8DF421-4E8C-4631-A7DD-0ED7B6D44F26}.Release|Any CPU.ActiveCfg = Release|Any CPU
		{5F8DF421-4E8C-4631-A7DD-0ED7B6D44F26}.Release|Any CPU.Build.0 = Release|Any CPU
	EndGlobalSection
	GlobalSection(SolutionProperties) = preSolution
		HideSolutionNode = FALSE
	EndGlobalSection
	GlobalSection(ExtensibilityGlobals) = postSolution
		SolutionGuid = {BE678BD4-A043-4BAF-81DD-10A228B04544}
	EndGlobalSection
EndGlobal
